
Microsoft Visual Studio Solution File, Format Version 11.00
# Visual Studio 2010
Project("{FAE04EC0-301F-11D3-BF4B-00C04F79EFBC}") = "Beach Skater Project", "Assembly-CSharp.csproj", "{F2FCC52B-06C7-58F6-D22B-921BDFB9B336}"
EndProject
Global
	GlobalSection(SolutionConfigurationPlatforms) = preSolution
		Debug|Any CPU = Debug|Any CPU
		Release|Any CPU = Release|Any CPU
	EndGlobalSection
	GlobalSection(ProjectConfigurationPlatforms) = postSolution
		{F2FCC52B-06C7-58F6-D22B-921BDFB9B336}.Debug|Any CPU.ActiveCfg = Debug|Any CPU
		{F2FCC52B-06C7-58F6-D22B-921BDFB9B336}.Debug|Any CPU.Build.0 = Debug|Any CPU
		{F2FCC52B-06C7-58F6-D22B-921BDFB9B336}.Release|Any CPU.ActiveCfg = Release|Any CPU
		{F2FCC52B-06C7-58F6-D22B-921BDFB9B336}.Release|Any CPU.Build.0 = Release|Any CPU
	EndGlobalSection
	GlobalSection(SolutionProperties) = preSolution
		HideSolutionNode = FALSE
	EndGlobalSection
	GlobalSection(MonoDevelopProperties) = preSolution
		StartupItem = Assembly-CSharp.csproj
	EndGlobalSection
EndGlobal
